{
    "_meta": {
        "hash": {
            "sha256": "f680d6b6a5288c7287965e1e569aee9cdb6744ccbc019542dfcac5c7e1cc960f"
        },
        "pipfile-spec": 6,
        "requires": {
            "python_version": "3.8"
        },
        "sources": [
            {
                "name": "pypi",
                "url": "https://pypi.org/simple",
                "verify_ssl": true
            }
        ]
    },
    "default": {
        "backgroundremover": {
            "hashes": [
                "sha256:d2e1e5996432f8fdc30eb18da190e31e02e968687e0e4efb3391b82ff135f655"
            ],
            "index": "pypi",
            "version": "==0.1.9"
        },
        "beautifulsoup4": {
            "hashes": [
                "sha256:9a315ce70049920ea4572a4055bc4bd700c940521d36fc858205ad4fcde149bf",
                "sha256:c23ad23c521d818955a4151a67d81580319d4bf548d3d49f4223ae041ff98891"
            ],
            "markers": "python_version >= '3.1'",
            "version": "==4.10.0"
        },
        "certifi": {
            "hashes": [
                "sha256:78884e7c1d4b00ce3cea67b44566851c4343c120abd683433ce934a68ea58872",
                "sha256:d62a0163eb4c2344ac042ab2bdf75399a71a2d8c7d47eac2e2ee91b9d6339569"
            ],
            "version": "==2021.10.8"
        },
        "charset-normalizer": {
            "hashes": [
                "sha256:876d180e9d7432c5d1dfd4c5d26b72f099d503e8fcc0feb7532c9289be60fcbd",
                "sha256:cb957888737fc0bbcd78e3df769addb41fd1ff8cf950dc9e7ad7793f1bf44455"
            ],
            "markers": "python_version >= '3.5'",
            "version": "==2.0.10"
        },
        "click": {
            "hashes": [
                "sha256:353f466495adaeb40b6b5f592f9f91cb22372351c84caeb068132442a4518ef3",
                "sha256:410e932b050f5eed773c4cda94de75971c89cdb3155a72a0831139a79e5ecb5b"
            ],
            "markers": "python_version >= '3.6'",
            "version": "==8.0.3"
        },
        "commandlines": {
            "hashes": [
                "sha256:86b650b78470ac95966d7b1a9d215c16591bccb34b28ae2bb9026c3b4166fd64",
                "sha256:b7dbf71b8dec42c16e9694b87e0e121d288e5a40d5d4f0dd1c0651ab7af06837"
            ],
            "version": "==0.4.1"
        },
        "decorator": {
            "hashes": [
                "sha256:41fa54c2a0cc4ba648be4fd43cff00aedf5b9465c9bf18d64325bc225f08f760",
                "sha256:e3a62f0520172440ca0dcc823749319382e377f37f140a0b99ef45fecb84bfe7"
            ],
            "version": "==4.4.2"
        },
        "ffmpeg-python": {
            "hashes": [
                "sha256:65225db34627c578ef0e11c8b1eb528bb35e024752f6f10b78c011f6f64c4127",
                "sha256:ac441a0404e053f8b6a1113a77c0f452f1cfc62f6344a769475ffdc0f56c23c5"
            ],
            "version": "==0.2.0"
        },
        "filelock": {
            "hashes": [
                "sha256:38b4f4c989f9d06d44524df1b24bd19e167d851f19b50bf3e3559952dddc5b80",
                "sha256:cf0fc6a2f8d26bd900f19bf33915ca70ba4dd8c56903eeb14e1e7a2fd7590146"
            ],
            "markers": "python_version >= '3.7'",
            "version": "==3.4.2"
        },
        "filetype": {
            "hashes": [
                "sha256:7124e1bc6a97ffc7c6bead5b8fb2e129baf312a9e60db5772bc27c741799d475",
                "sha256:c7401fe0d0b624e29b53c65e2a46264133ab30324da88d41e0621837c25bd472"
            ],
            "version": "==1.0.9"
        },
        "flask": {
            "hashes": [
                "sha256:7b2fb8e934ddd50731893bdcdb00fc8c0315916f9fcd50d22c7cc1a95ab634e2",
                "sha256:cb90f62f1d8e4dc4621f52106613488b5ba826b2e1e10a33eac92f723093ab6a"
            ],
            "index": "pypi",
            "version": "==2.0.2"
        },
        "future": {
            "hashes": [
                "sha256:b1bead90b70cf6ec3f0710ae53a525360fa360d306a86583adc6bf83a4db537d"
            ],
            "markers": "python_version >= '2.6' and python_version not in '3.0, 3.1, 3.2'",
            "version": "==0.18.2"
        },
        "gdown": {
            "hashes": [
                "sha256:bd871c125242a9d3691aa74f360b6b5268a58c13991bb2405fdb3ec3028307dc"
            ],
            "version": "==4.2.0"
        },
        "gunicorn": {
            "hashes": [
                "sha256:9dcc4547dbb1cb284accfb15ab5667a0e5d1881cc443e0677b4882a4067a807e",
                "sha256:e0a968b5ba15f8a328fdfd7ab1fcb5af4470c28aaf7e55df02a99bc13138e6e8"
            ],
            "index": "pypi",
            "version": "==20.1.0"
        },
        "hsh": {
            "hashes": [
                "sha256:c04e43ac538feafb029dba3c4972207a704f5fcdf0ee271ebdddd03d96b5df85",
                "sha256:d40ba1e29cdcf1f8492738a6fd2c123cfcff007860bf70de19b25f5c6ec1e991"
            ],
            "version": "==1.1.0"
        },
        "idna": {
            "hashes": [
                "sha256:84d9dd047ffa80596e0f246e2eab0b391788b0503584e8945f2368256d2735ff",
                "sha256:9d643ff0a55b762d5cdb124b8eaa99c66322e2157b69160bc32796e824360e6d"
            ],
            "markers": "python_version >= '3.5'",
            "version": "==3.3"
        },
        "imageio": {
            "hashes": [
                "sha256:3604d751f03002e8e0e7650aa71d8d9148144a87daf17cb1f3228e80747f2e6b",
                "sha256:52ddbaeca2dccf53ba2d6dec5676ca7bc3b2403ef8b37f7da78b7654bb3e10f0"
            ],
            "version": "==2.9.0"
        },
        "imageio-ffmpeg": {
            "hashes": [
                "sha256:266601aab7619acf6ff78cd5ba78b5a593a1119a96d266d33b88bfcd01bbd3ca",
                "sha256:39a9ab4326bdf5eae3457961dfdfb4317078659ebe4e6980914ac897a462aeb2",
                "sha256:d2ba8339eecc02fa73a6b85c34654c49a7c78d732a1ac76478d11224e6cfa902",
                "sha256:db4d318f640419037a0df29bb11b1022f2f8094c90b4aac8affc7177b8ce4641",
                "sha256:f127b8cdd842e8398de5f2aef23c687ae75d4d964e1df2ea3a9ff03e92a370e7",
                "sha256:f2ea4245a2adad25dedf98d343159579167e549ac8c4691cef5eff980e20c139"
            ],
            "markers": "python_version >= '3.4'",
            "version": "==0.4.5"
        },
        "itsdangerous": {
            "hashes": [
                "sha256:5174094b9637652bdb841a3029700391451bd092ba3db90600dea710ba28e97c",
                "sha256:9e724d68fc22902a1435351f84c3fb8623f303fffcc566a4cb952df8c572cff0"
            ],
            "markers": "python_version >= '3.6'",
            "version": "==2.0.1"
        },
        "jinja2": {
            "hashes": [
                "sha256:077ce6014f7b40d03b47d1f1ca4b0fc8328a692bd284016f806ed0eaca390ad8",
                "sha256:611bb273cd68f3b993fabdc4064fc858c5b47a973cb5aa7999ec1ba405c87cd7"
            ],
            "markers": "python_version >= '3.6'",
            "version": "==3.0.3"
        },
        "llvmlite": {
            "hashes": [
                "sha256:0497a19428083a0544663732a925994d74e3b15c3c94946c6e7b6bf21a391264",
                "sha256:081d9c36d8e012b86bac02af49e225d883975ab5978ba33c3cc291474620c84d",
                "sha256:0fb7cb2907814dd03a152549d1c4dfee4854881d9cc7da85414b77903a681aa6",
                "sha256:17140e1462aa7f9250428fff7dd24187ea30498034a832bdb7385cbdc28fd4bf",
                "sha256:2426bfff67fdab577c7d5321c252d880434911caa6f9152f5be98da71b30e084",
                "sha256:2e8bbb8e97d7cc0b6d124ba9f8577955fdc7639715f925c410abe02d2bc92862",
                "sha256:37b66bf3624dd0b3739b4cf1b3cc3735dbe7799bc90d2a7a79a54b0ce37e1a38",
                "sha256:3f7b2838898c80557e959f83fb28d260e5e2301396f34830f3ec6811ae53f6be",
                "sha256:48558fddce5ff351f9de98beff35888aa351598e5635b3b91d67ec9e10d458cc",
                "sha256:5845432b4660c530d27c46434b9669290f205d9b1c1e02e52f43f6d11782b4be",
                "sha256:63e178c6f7872a39572e210cb266fb6db6386f5e622e2d8c79491b6d8c7aa942",
                "sha256:6a91e25488609cc91db91de206e023b7fe0889ac007adb31c713e685384497ba",
                "sha256:6b48c8fffc3512a2e97c6f70deb09eb49c419af66ced79e317cc2323117dcec6",
                "sha256:70734d46c2611f3fe765985fe356aaec393dc79bbd735f7f4d23f910b5148dc3",
                "sha256:7e07bacc2bb2ef1bf33dbf64d4bd13330baeae2287902100b144e43bcd1b066b",
                "sha256:87805405ccdd1add51f51d85997fbff01c920adf4da600dbe197e1f3eebd1e57",
                "sha256:8b88cc3c6c0010df8a720c777ef1c0879d304404e0727c4ac9e3dc98d5815e10",
                "sha256:a99d166ccf3b116f3b9ed23b9b70ba2415640a9c978f3aaa13fad49c58f4965c",
                "sha256:b040d392e998582883cd680e81afb4cd2d331d69cb93d605c735bfd2caa09805",
                "sha256:c0f11feda33f2b49abf5acc11828eebb3098050bbf6cd1cd75e2b05eb7676cb1",
                "sha256:c967b96d708556597e003217fd99f0c20e73d09c91d6d5054c538becc396ba79",
                "sha256:de321a680690d1ce040f34294d215ed0ac5fdcf7c98f044d11ac9b9d9ebc969f",
                "sha256:e1095557a27b041f1217036e568a5449d4b385c2415cb4316b2f5476f96e9a58",
                "sha256:f43861f382b954fbf2ff88db5f13b00ac11ec4353445d3ba80e1eadcdd06c149",
                "sha256:f7a438917c30e87ac79bb89c773c100560dc346e0f0b03aabd88a6f6de3556c6"
            ],
            "markers": "python_version < '3.11' and python_version >= '3.7'",
            "version": "==0.38.0"
        },
        "markupsafe": {
            "hashes": [
                "sha256:01a9b8ea66f1658938f65b93a85ebe8bc016e6769611be228d797c9d998dd298",
                "sha256:023cb26ec21ece8dc3907c0e8320058b2e0cb3c55cf9564da612bc325bed5e64",
                "sha256:0446679737af14f45767963a1a9ef7620189912317d095f2d9ffa183a4d25d2b",
                "sha256:04635854b943835a6ea959e948d19dcd311762c5c0c6e1f0e16ee57022669194",
                "sha256:0717a7390a68be14b8c793ba258e075c6f4ca819f15edfc2a3a027c823718567",
                "sha256:0955295dd5eec6cb6cc2fe1698f4c6d84af2e92de33fbcac4111913cd100a6ff",
                "sha256:0d4b31cc67ab36e3392bbf3862cfbadac3db12bdd8b02a2731f509ed5b829724",
                "sha256:10f82115e21dc0dfec9ab5c0223652f7197feb168c940f3ef61563fc2d6beb74",
                "sha256:168cd0a3642de83558a5153c8bd34f175a9a6e7f6dc6384b9655d2697312a646",
                "sha256:1d609f577dc6e1aa17d746f8bd3c31aa4d258f4070d61b2aa5c4166c1539de35",
                "sha256:1f2ade76b9903f39aa442b4aadd2177decb66525062db244b35d71d0ee8599b6",
                "sha256:20dca64a3ef2d6e4d5d615a3fd418ad3bde77a47ec8a23d984a12b5b4c74491a",
                "sha256:2a7d351cbd8cfeb19ca00de495e224dea7e7d919659c2841bbb7f420ad03e2d6",
                "sha256:2d7d807855b419fc2ed3e631034685db6079889a1f01d5d9dac950f764da3dad",
                "sha256:2ef54abee730b502252bcdf31b10dacb0a416229b72c18b19e24a4509f273d26",
                "sha256:36bc903cbb393720fad60fc28c10de6acf10dc6cc883f3e24ee4012371399a38",
                "sha256:37205cac2a79194e3750b0af2a5720d95f786a55ce7df90c3af697bfa100eaac",
                "sha256:3c112550557578c26af18a1ccc9e090bfe03832ae994343cfdacd287db6a6ae7",
                "sha256:3dd007d54ee88b46be476e293f48c85048603f5f516008bee124ddd891398ed6",
                "sha256:4296f2b1ce8c86a6aea78613c34bb1a672ea0e3de9c6ba08a960efe0b0a09047",
                "sha256:47ab1e7b91c098ab893b828deafa1203de86d0bc6ab587b160f78fe6c4011f75",
                "sha256:49e3ceeabbfb9d66c3aef5af3a60cc43b85c33df25ce03d0031a608b0a8b2e3f",
                "sha256:4dc8f9fb58f7364b63fd9f85013b780ef83c11857ae79f2feda41e270468dd9b",
                "sha256:4efca8f86c54b22348a5467704e3fec767b2db12fc39c6d963168ab1d3fc9135",
                "sha256:53edb4da6925ad13c07b6d26c2a852bd81e364f95301c66e930ab2aef5b5ddd8",
                "sha256:5855f8438a7d1d458206a2466bf82b0f104a3724bf96a1c781ab731e4201731a",
                "sha256:594c67807fb16238b30c44bdf74f36c02cdf22d1c8cda91ef8a0ed8dabf5620a",
                "sha256:5b6d930f030f8ed98e3e6c98ffa0652bdb82601e7a016ec2ab5d7ff23baa78d1",
                "sha256:5bb28c636d87e840583ee3adeb78172efc47c8b26127267f54a9c0ec251d41a9",
                "sha256:60bf42e36abfaf9aff1f50f52644b336d4f0a3fd6d8a60ca0d054ac9f713a864",
                "sha256:611d1ad9a4288cf3e3c16014564df047fe08410e628f89805e475368bd304914",
                "sha256:6300b8454aa6930a24b9618fbb54b5a68135092bc666f7b06901f897fa5c2fee",
                "sha256:63f3268ba69ace99cab4e3e3b5840b03340efed0948ab8f78d2fd87ee5442a4f",
                "sha256:6557b31b5e2c9ddf0de32a691f2312a32f77cd7681d8af66c2692efdbef84c18",
                "sha256:693ce3f9e70a6cf7d2fb9e6c9d8b204b6b39897a2c4a1aa65728d5ac97dcc1d8",
                "sha256:6a7fae0dd14cf60ad5ff42baa2e95727c3d81ded453457771d02b7d2b3f9c0c2",
                "sha256:6c4ca60fa24e85fe25b912b01e62cb969d69a23a5d5867682dd3e80b5b02581d",
                "sha256:6fcf051089389abe060c9cd7caa212c707e58153afa2c649f00346ce6d260f1b",
                "sha256:7d91275b0245b1da4d4cfa07e0faedd5b0812efc15b702576d103293e252af1b",
                "sha256:89c687013cb1cd489a0f0ac24febe8c7a666e6e221b783e53ac50ebf68e45d86",
                "sha256:8d206346619592c6200148b01a2142798c989edcb9c896f9ac9722a99d4e77e6",
                "sha256:905fec760bd2fa1388bb5b489ee8ee5f7291d692638ea5f67982d968366bef9f",
                "sha256:97383d78eb34da7e1fa37dd273c20ad4320929af65d156e35a5e2d89566d9dfb",
                "sha256:984d76483eb32f1bcb536dc27e4ad56bba4baa70be32fa87152832cdd9db0833",
                "sha256:99df47edb6bda1249d3e80fdabb1dab8c08ef3975f69aed437cb69d0a5de1e28",
                "sha256:9f02365d4e99430a12647f09b6cc8bab61a6564363f313126f775eb4f6ef798e",
                "sha256:a30e67a65b53ea0a5e62fe23682cfe22712e01f453b95233b25502f7c61cb415",
                "sha256:ab3ef638ace319fa26553db0624c4699e31a28bb2a835c5faca8f8acf6a5a902",
                "sha256:aca6377c0cb8a8253e493c6b451565ac77e98c2951c45f913e0b52facdcff83f",
                "sha256:add36cb2dbb8b736611303cd3bfcee00afd96471b09cda130da3581cbdc56a6d",
                "sha256:b2f4bf27480f5e5e8ce285a8c8fd176c0b03e93dcc6646477d4630e83440c6a9",
                "sha256:b7f2d075102dc8c794cbde1947378051c4e5180d52d276987b8d28a3bd58c17d",
                "sha256:baa1a4e8f868845af802979fcdbf0bb11f94f1cb7ced4c4b8a351bb60d108145",
                "sha256:be98f628055368795d818ebf93da628541e10b75b41c559fdf36d104c5787066",
                "sha256:bf5d821ffabf0ef3533c39c518f3357b171a1651c1ff6827325e4489b0e46c3c",
                "sha256:c47adbc92fc1bb2b3274c4b3a43ae0e4573d9fbff4f54cd484555edbf030baf1",
                "sha256:cdfba22ea2f0029c9261a4bd07e830a8da012291fbe44dc794e488b6c9bb353a",
                "sha256:d6c7ebd4e944c85e2c3421e612a7057a2f48d478d79e61800d81468a8d842207",
                "sha256:d7f9850398e85aba693bb640262d3611788b1f29a79f0c93c565694658f4071f",
                "sha256:d8446c54dc28c01e5a2dbac5a25f071f6653e6e40f3a8818e8b45d790fe6ef53",
                "sha256:deb993cacb280823246a026e3b2d81c493c53de6acfd5e6bfe31ab3402bb37dd",
                "sha256:e0f138900af21926a02425cf736db95be9f4af72ba1bb21453432a07f6082134",
                "sha256:e9936f0b261d4df76ad22f8fee3ae83b60d7c3e871292cd42f40b81b70afae85",
                "sha256:f0567c4dc99f264f49fe27da5f735f414c4e7e7dd850cfd8e69f0862d7c74ea9",
                "sha256:f5653a225f31e113b152e56f154ccbe59eeb1c7487b39b9d9f9cdb58e6c79dc5",
                "sha256:f826e31d18b516f653fe296d967d700fddad5901ae07c622bb3705955e1faa94",
                "sha256:f8ba0e8349a38d3001fae7eadded3f6606f0da5d748ee53cc1dab1d6527b9509",
                "sha256:f9081981fe268bd86831e5c75f7de206ef275defcb82bc70740ae6dc507aee51",
                "sha256:fa130dd50c57d53368c9d59395cb5526eda596d3ffe36666cd81a44d56e48872"
            ],
            "markers": "python_version >= '3.6'",
            "version": "==2.0.1"
        },
        "more-itertools": {
            "hashes": [
                "sha256:5652a9ac72209ed7df8d9c15daf4e1aa0e3d2ccd3c87f8265a0673cd9cbc9ced",
                "sha256:c5d6da9ca3ff65220c3bfd2a8db06d698f05d4d2b9be57e1deb2be5a45019713"
            ],
            "markers": "python_version >= '3.5'",
            "version": "==8.7.0"
        },
        "moviepy": {
            "hashes": [
                "sha256:2884e35d1788077db3ff89e763c5ba7bfddbd7ae9108c9bc809e7ba58fa433f5"
            ],
            "version": "==1.0.3"
        },
        "networkx": {
            "hashes": [
                "sha256:80b6b89c77d1dfb64a4c7854981b60aeea6360ac02c6d4e4913319e0a313abef",
                "sha256:c0946ed31d71f1b732b5aaa6da5a0388a345019af232ce2f49c766e2d6795c51"
            ],
            "markers": "python_version >= '3.7'",
            "version": "==2.6.3"
        },
        "numba": {
            "hashes": [
                "sha256:0b92608bbf54b5ae5fcbdaa911985ae6f3fc35a71c2785f4b64350e72ec91d3d",
                "sha256:2d5c7839c1915c5687b8c1ff07a5bb1c3ea1301ba51971156018676609c1fbf1",
                "sha256:384589eaddb47f57d84726cbe53178cfb948cf5545f3eff24e3018087e94dbf3",
                "sha256:52560a73ffbc62f2a4a43acc0d7ece19707a9f739fd6c9424b5b23d542185e96",
                "sha256:5d78e680f25e4febc224637fb0f22545321f4580fc7e8239f1b48a90e7f4f89d",
                "sha256:637643dfe941ec608ecd2fbc1f75c309c4415043291d03d7608acdd5789ecaa4",
                "sha256:72c680b297200d4c60004081f6e83dbb3460fe73fafd6f0bd53b074aaa2e776f",
                "sha256:7ca365f06426fca3ff93ac6be04467ce07c839d497290b3b44dc9736daf4f7ae",
                "sha256:897accfe6320cd72011e99ff918619175bc312bbf13a74377fc33a22290aef96",
                "sha256:8b9d8899b07c8136c02f0a08ab9bbb5ac5ebec02034024ef81f78aaa367ff32f",
                "sha256:936301026c6a1d9a1e2e4a6df81805f3e4a29d105be21668bbfd253813249d5b",
                "sha256:9598f6903bc4e7f775cb018be90f595d7af11b2a614f26109c29f991d8e49d62",
                "sha256:a9aa9fcb98dd6462c1d75b95d32faf0192932f6c9587072acb15cf1f4c726503",
                "sha256:b0cccc1a65d317b9d4f0e4438d0a8c2e59e0c81bca121a40ba56ce403c7c81ae",
                "sha256:b221ebd997662a1dcb77e4f09140e022fbfe7577ad0781fc2e0214135dba6cbd",
                "sha256:b661f56b8508743deb78d7f69d5c517491f7bd8c35ec1cb735218a11af9a2449",
                "sha256:b756a6fdbeae0d9de28c345522e9f7dc609b10f195fdf31073dd06b9ab17c82e",
                "sha256:bb8b47026d0edba77caf561389895a021a1c0c3c65d7af290e2f2fb459f26c5e",
                "sha256:d09c61c04fdf4d14b9b3d455de5ced68458503d2075ac37c55deb40fe530bbe7",
                "sha256:dc2df1a8d985546e2043de28a502fd14e6f3278491ecffb4973fd3f409cd7606",
                "sha256:def2085df4aa34a7de9df06953ff21988b464bdef77ee845129741cf787061a7",
                "sha256:e1439a3f7f656d44fd2c484b3914809355bc515a7da3336443d6f45b5806f0aa",
                "sha256:e2cd740c6fc6adc5b15000832307bdd31d724ad793f647d855f9a2ca24e1ad32",
                "sha256:efd9115234a76977af45c395dbade9ff1d29b5fbd85e6002f07d7379d54a328e",
                "sha256:f8c86a11d7a6e017f65d46e3ffb87c4a5c554deb2695009a7ab4bd9f73716463"
            ],
            "markers": "python_version < '3.11' and python_version >= '3.7'",
            "version": "==0.55.0"
        },
        "numpy": {
            "hashes": [
                "sha256:00c9fa73a6989895b8815d98300a20ac993c49ac36c8277e8ffeaa3631c0dbbb",
                "sha256:025b497014bc33fc23897859350f284323f32a2fff7654697f5a5fc2a19e9939",
                "sha256:08de8472d9f7571f9d51b27b75e827f5296295fa78817032e84464be8bb905bc",
                "sha256:1964db2d4a00348b7a60ee9d013c8cb0c566644a589eaa80995126eac3b99ced",
                "sha256:2a9add27d7fc0fdb572abc3b2486eb3b1395da71e0254c5552b2aad2a18b5441",
                "sha256:2d8adfca843bc46ac199a4645233f13abf2011a0b2f4affc5c37cd552626f27b",
                "sha256:301e408a052fdcda5cdcf03021ebafc3c6ea093021bf9d1aa47c54d48bdad166",
                "sha256:311283acf880cfcc20369201bd75da907909afc4666966c7895cbed6f9d2c640",
                "sha256:341dddcfe3b7b6427a28a27baa59af5ad51baa59bfec3264f1ab287aa3b30b13",
                "sha256:3a5098df115340fb17fc93867317a947e1dcd978c3888c5ddb118366095851f8",
                "sha256:3c978544be9e04ed12016dd295a74283773149b48f507d69b36f91aa90a643e5",
                "sha256:3d893b0871322eaa2f8c7072cdb552d8e2b27645b7875a70833c31e9274d4611",
                "sha256:4fe6a006557b87b352c04596a6e3f12a57d6e5f401d804947bd3188e6b0e0e76",
                "sha256:507c05c7a37b3683eb08a3ff993bd1ee1e6c752f77c2f275260533b265ecdb6c",
                "sha256:58ca1d7c8aef6e996112d0ce873ac9dfa1eaf4a1196b4ff7ff73880a09923ba7",
                "sha256:61bada43d494515d5b122f4532af226fdb5ee08fe5b5918b111279843dc6836a",
                "sha256:69a5a8d71c308d7ef33ef72371c2388a90e3495dbb7993430e674006f94797d5",
                "sha256:6a5928bc6241264dce5ed509e66f33676fc97f464e7a919edc672fb5532221ee",
                "sha256:7b9d6b14fc9a4864b08d1ba57d732b248f0e482c7b2ff55c313137e3ed4d8449",
                "sha256:a7c4b701ca418cd39e28ec3b496e6388fe06de83f5f0cb74794fa31cfa384c02",
                "sha256:a7e8f6216f180f3fd4efb73de5d1eaefb5f5a1ee5b645c67333033e39440e63a",
                "sha256:b545ebadaa2b878c8630e5bcdb97fc4096e779f335fc0f943547c1c91540c815",
                "sha256:c293d3c0321996cd8ffe84215ffe5d269fd9d1d12c6f4ffe2b597a7c30d3e593",
                "sha256:c5562bcc1a9b61960fc8950ade44d00e3de28f891af0acc96307c73613d18f6e",
                "sha256:ca9c23848292c6fe0a19d212790e62f398fd9609aaa838859be8459bfbe558aa",
                "sha256:cc1b30205d138d1005adb52087ff45708febbef0e420386f58664f984ef56954",
                "sha256:dbce7adeb66b895c6aaa1fad796aaefc299ced597f6fbd9ceddb0dd735245354",
                "sha256:dc4b2fb01f1b4ddbe2453468ea0719f4dbb1f5caa712c8b21bb3dd1480cd30d9",
                "sha256:eed2afaa97ec33b4411995be12f8bdb95c87984eaa28d76cf628970c8a2d689a",
                "sha256:fc7a7d7b0ed72589fd8b8486b9b42a564f10b8762be8bd4d9df94b807af4a089"
            ],
            "markers": "python_version < '3.11' and python_version >= '3.7'",
            "version": "==1.21.5"
        },
        "packaging": {
            "hashes": [
                "sha256:dd47c42927d89ab911e606518907cc2d3a1f38bbd026385970643f9c5b8ecfeb",
                "sha256:ef103e05f519cdc783ae24ea4e2e0f508a9c99b2d4969652eed6a2e1ea5bd522"
            ],
            "markers": "python_version >= '3.6'",
            "version": "==21.3"
        },
        "pillow": {
            "hashes": [
                "sha256:01bb0a34f1a6689b138c0089d670ae2e8f886d2666a9b2f2019031abdea673c4",
                "sha256:07872f1d8421db5a3fe770f7480835e5e90fddb58f36c216d4a2ac0d594de474",
                "sha256:1022f8f6dc3c5b0dcf928f1c49ba2ac73051f576af100d57776e2b65c1f76a8d",
                "sha256:14415e9e28410232370615dbde0cf0a00e526f522f665460344a5b96973a3086",
                "sha256:172acfaf00434a28dddfe592d83f2980e22e63c769ff4a448ddf7b7a38ffd165",
                "sha256:1c5e3c36f02c815766ae9dd91899b1c5b4652f2a37b7a51609f3bd467c0f11fb",
                "sha256:292f2aa1ae5c5c1451cb4b558addb88c257411d3fd71c6cf45562911baffc979",
                "sha256:2a40d7d4b17db87f5b9a1efc0aff56000e1d0d5ece415090c102aafa0ccbe858",
                "sha256:2f0d7034d5faae9a8d1019d152ede924f653df2ce77d3bba4ce62cd21b5f94ae",
                "sha256:33fdbd4f5608c852d97264f9d2e3b54e9e9959083d008145175b86100b275e5b",
                "sha256:3b13d89d97b551e02549d1f0edf22bed6acfd6fd2e888cd1e9a953bf215f0e81",
                "sha256:3e759bcc03d6f39bc751e56d86bc87252b9a21c689a27c5ed753717a87d53a5b",
                "sha256:3ec87bd1248b23a2e4e19e774367fbe30fddc73913edc5f9b37470624f55dc1f",
                "sha256:436b0a2dd9fe3f7aa6a444af6bdf53c1eb8f5ced9ea3ef104daa83f0ea18e7bc",
                "sha256:43b3c859912e8bf754b3c5142df624794b18eb7ae07cfeddc917e1a9406a3ef2",
                "sha256:4fe74636ee71c57a7f65d7b21a9f127d842b4fb75511e5d256ace258826eb352",
                "sha256:59445af66b59cc39530b4f810776928d75e95f41e945f0c32a3de4aceb93c15d",
                "sha256:69da5b1d7102a61ce9b45deb2920a2012d52fd8f4201495ea9411d0071b0ec22",
                "sha256:7094bbdecb95ebe53166e4c12cf5e28310c2b550b08c07c5dc15433898e2238e",
                "sha256:8211cac9bf10461f9e33fe9a3af6c5131f3fdd0d10672afc2abb2c70cf95c5ca",
                "sha256:8cf77e458bd996dc85455f10fe443c0c946f5b13253773439bcbec08aa1aebc2",
                "sha256:924fc33cb4acaf6267b8ca3b8f1922620d57a28470d5e4f49672cea9a841eb08",
                "sha256:99ce3333b40b7a4435e0a18baad468d44ab118a4b1da0af0a888893d03253f1d",
                "sha256:a7d690b2c5f7e4a932374615fedceb1e305d2dd5363c1de15961725fe10e7d16",
                "sha256:b9af590adc1e46898a1276527f3cfe2da8048ae43fbbf9b1bf9395f6c99d9b47",
                "sha256:bb18422ad00c1fecc731d06592e99c3be2c634da19e26942ba2f13d805005cf2",
                "sha256:c10af40ee2f1a99e1ae755ab1f773916e8bca3364029a042cd9161c400416bd8",
                "sha256:c143c409e7bc1db784471fe9d0bf95f37c4458e879ad84cfae640cb74ee11a26",
                "sha256:c448d2b335e21951416a30cd48d35588d122a912d5fe9e41900afacecc7d21a1",
                "sha256:d30f30c044bdc0ab8f3924e1eeaac87e0ff8a27e87369c5cac4064b6ec78fd83",
                "sha256:df534e64d4f3e84e8f1e1a37da3f541555d947c1c1c09b32178537f0f243f69d",
                "sha256:f6fc18f9c9c7959bf58e6faf801d14fafb6d4717faaf6f79a68c8bb2a13dcf20",
                "sha256:ff83dfeb04c98bb3e7948f876c17513a34e9a19fd92e292288649164924c1b39"
            ],
            "index": "pypi",
            "version": "==8.1.1"
        },
        "proglog": {
            "hashes": [
                "sha256:d8c4ccbf2138e0c5e3f3fc0d80dc51d7e69dcfe8bfde4cacb566725092a5b18d"
            ],
            "version": "==0.1.9"
        },
        "pymatting": {
            "hashes": [
                "sha256:053fd112702723031b9478efd6c6233351d851d88a1ddfd6b56a785b870c6297",
                "sha256:f2b148174561b9e8c76777d4e4be7eb798c823df0dea50d2203f5b9b81453a9b"
            ],
            "markers": "python_version >= '3'",
            "version": "==1.1.5"
        },
        "pyparsing": {
            "hashes": [
                "sha256:18ee9022775d270c55187733956460083db60b37d0d0fb357445f3094eed3eea",
                "sha256:a6c06a88f252e6c322f65faf8f418b16213b51bdfaece0524c1c1bc30c63c484"
            ],
            "markers": "python_version >= '3.6'",
            "version": "==3.0.7"
        },
        "pysocks": {
            "hashes": [
                "sha256:08e69f092cc6dbe92a0fdd16eeb9b9ffbc13cadfe5ca4c7bd92ffb078b293299",
                "sha256:2725bd0a9925919b9b51739eea5f9e2bae91e83288108a9ad338b2e3a4435ee5",
                "sha256:3f8804571ebe159c380ac6de37643bb4685970655d3bba243530d6558b799aa0"
            ],
            "markers": "python_version >= '2.7' and python_version not in '3.0, 3.1, 3.2, 3.3'",
            "version": "==1.7.1"
        },
        "pywavelets": {
            "hashes": [
                "sha256:151a7f3d3db36baffe640d691403b7cd3938a1886c8a387b719e7e8b580dd4b1",
                "sha256:16c30e98f52e1a5d0a06b4b8f294114aaa94a0e95445b4056b6ca0a7a5535a42",
                "sha256:18d84982417790a645f74cb0f968e89fb8af575dbf17a52c64af5075aa5528b8",
                "sha256:28bb3d7d411ffbcfaa5a81a5a32044805893752c1641b39f6544b7e0a24661c3",
                "sha256:2ec1fc92573f56c1b129006d109e7518a098f3c8c6a2183b495619faca931461",
                "sha256:3089aa6b4962e1f5dbd0434a10f174f7a50f80bf64cb7d33cc725af07bd30ecc",
                "sha256:333684cc0d0e89cf6cb3a8b3ea68528790e1a3edc565a100cda47e29860f892d",
                "sha256:33375e3e6e361659f2519d412de2b50e2527a97c3946ffd66ca20a8ea1346fea",
                "sha256:333e1370167b0a2b963df82e42968000734bfa23b2ce88191e8ce9d24fc4cc57",
                "sha256:351937e4fc6f3df3555cd2813e73bfc344885c5d994fd621d13dd004d05a4cb7",
                "sha256:44315d197bad9564210ef42f2d5a01c07ee6fd456c679d4a6d0f4e23ec9930cf",
                "sha256:449d2d5f9c1f28a1bce01f714f9f742d9fdbce90f66de0a92cad39d98d24477b",
                "sha256:4c29efb581245e4ba3e76b23b1bf254a7c79821d7e63f432e68044cf2d233e9e",
                "sha256:537b5a8a8a3e9e5b931d34b517aa2312a3d8385937f98c4f8ffa668483329cfb",
                "sha256:616fd2967dd153c3f539b1e0979168969f3702125caae4caa769efc5621cc2b7",
                "sha256:663d265cb433653ef6335973edd13c66cd86c85fbe9c09e4bd138119bac15974",
                "sha256:69cfc7f2ceb0a1097e7e8d1a026cbb2ff1afecc2d79820856f1abccb6cb59cc4",
                "sha256:6cbd69b047bb4e00873097472133425f5f08a4e6bc8b3f0ae709274d4d5e9a8d",
                "sha256:71415f2c376ae3e1331249043dddb63370c92fed162ebcb108fd87e12a956d89",
                "sha256:73805016353a47c5b5f9cea547ea6ae07cd3520abfd7888916ff56b01e71307a",
                "sha256:79386f4d8518e344487acf22b1c130e5907b3c45852aa50c18df5e19895aa92e",
                "sha256:7a725030682bf891ced9819b4b21d6ef356fa11b70399d2d3adb319aead1efb0",
                "sha256:7e4749ff324e8e01a2fdc859ac9714c4be1cbc6e8a34d5ddedb28fc9513b31a1",
                "sha256:8a72f11c4d23f8ed8544def0003f500e98598e7a1efce892e6f964c430469c05",
                "sha256:90d53119f4b518236ad9a8a6be96d86efb1b4eeb73c28e3ed33824ae601ce7b1",
                "sha256:9b05d2f21da666f918692f0313484002307794b5380f7291a395b9271abdda5c",
                "sha256:a1131c27b9f79ca56dd6347d5585a609f51ed3cad0cfb6c17419b1733d3b6acd",
                "sha256:a82e8c307b98d65737b286e0b458343ecee8505dfb519cd314a5f211f4fb92b9",
                "sha256:abedc0b49273a734d4592e325a5fb32f0741e115d6722e0c59964ecf21344640",
                "sha256:b3d9dab8223d0ce30e7480751f526ce1e97a1dcf5242875f8206e4449953116c",
                "sha256:b9bf543d552d20cf6ddfd690c5c18afacc8440cfb09b7515b2242bb9abfcc5eb",
                "sha256:be231e4bc569f2b1177711390d406d08ce388c1e01ab864f89be8928db234856",
                "sha256:c8b388652b6afb4bf7be313be057240386de93817c6744c2aaf43a22890733c8",
                "sha256:d30c09fa805533bf7c8a5d06aa8babda5ae6c1541cd652cb2ebe6ab0b9536c0e",
                "sha256:d9831b251f63460302811607f80a20285292ed0a0a046f95b4648edc0ed90f9c",
                "sha256:df4d950be507a68d107c8f618ef7a9e0d9071789cfc1a840f89d0c985448880f",
                "sha256:ec670e78be2c3193e26c4bfa31dff1edd89ee8d7e2f4219782f3ef3f6daf37f0",
                "sha256:fd5ca221ac7bedb2a9aebcf3b05020827564db5a979b25005b3a2c7ba84069a2"
            ],
            "markers": "python_version >= '3.7'",
            "version": "==1.2.0"
        },
        "requests": {
            "hashes": [
                "sha256:68d7c56fd5a8999887728ef304a6d12edc7be74f1cfa47714fc8b414525c9a61",
                "sha256:f22fa1e554c9ddfd16e6e41ac79759e17be9e492b3587efa038054674760e72d"
            ],
            "markers": "python_version >= '2.7' and python_version not in '3.0, 3.1, 3.2, 3.3, 3.4, 3.5'",
            "version": "==2.27.1"
        },
        "scikit-image": {
            "hashes": [
                "sha256:058af6453644ab68a0e0018b830ef38ec4285a4d14791a28fd62e2ee2d66ff6f",
                "sha256:26ecb813e4d34874ff5f7f49216e217367db273ad8a99e556c77d616121ab219",
                "sha256:3c6a4d9ac342c7a58b3f1d0559cd47e393619a538e03eb22f696d6df821c7d37",
                "sha256:42ab5a6d516fced19ae317b3fbbfeb7d63434d531cb36317ad5b555c3f34c5f3",
                "sha256:43bfe99f839367c954b670ffe635c3789c3e0957b2fab18cfa25c8b9ed85f6e0",
                "sha256:4849352b2dffd9f5cdf2efae99dabe14d7b2880331387826445f31d9148650f6",
                "sha256:48f00ee1e8ec2818ae6a152c72df15f4db7f566e839f5c34e1a0c3c9e5210138",
                "sha256:50611d5dac964bc5593457b96860bd93079984376466173800e97401a5de4ec2",
                "sha256:5264f20f8940b852b46cf579bd9a6343dc80c2277cda78a7442efeaa68198c4f",
                "sha256:63dc34bbd46425c78f6760f348c90fcccb4169ada60857b71db3f18fabe5620a",
                "sha256:64da56c7d3098b91429b3070908e5c2b6534791f3ec516d1396fbe8fa51d1170",
                "sha256:66411fa085aa5e1ac98daeda1f596ae1396041ee70ea0f2081d6260b803ad1a6",
                "sha256:7ec06bee79685d17b94889bb028baea0f34ea171be200885cc9a1b808d96ebf6",
                "sha256:8385c0f9a02698048129654feb4f136d213127fbcf1d99f28e4cdd6669984f53",
                "sha256:8dda7a82f83296a2fcbe6ee0684d84e0ee4477cae57200117f5a55c80f8ec844",
                "sha256:92266b2eb498ebac9de50768a296e111e95752b6070344d98c2f5fd06c1e7635",
                "sha256:97a6b82e1286f4d2a602e1362edaf0f14da417f2b4208576f6455dd01283880f",
                "sha256:9f88ff2f00d1bf0f6f4d3bba07530c857ba53fa3b2284dd685762514b299f734",
                "sha256:ad997e0fce1492855bd19e76c4a1609eecc29328623ddda8c6297ca137999055",
                "sha256:b2ab64c66ac0c7ad4d5da167eff7c9af04770e445f9242dbe43f12d005f48107",
                "sha256:b516764deb0780feb861c99c1e8503f8804a04f02f0ffcb0f0310672467ed520",
                "sha256:c3d012c861792b2baec07118ecf31b246cd27051035f527dc2618ad28c6ac29e",
                "sha256:ce144d21792560a69536c2f64ba7ecd28542a6a8ac9fd6f856465d11a4eb8648",
                "sha256:d86387e0ba4713a460499e1d063e59a4ab16144836f6d3a5ff940316be24d07b",
                "sha256:f1d8fd2989430768e2cdc30cc2a69642de67d7ddfc1c80e1977eab199aedc0a1",
                "sha256:f97bfeaf844b45711834ff4afeb5c7ce9dcf33f33a8d8b110fb14f6bd3cd82bc"
            ],
            "markers": "python_version >= '3.7'",
            "version": "==0.19.1"
        },
        "scipy": {
            "hashes": [
                "sha256:033ce76ed4e9f62923e1f8124f7e2b0800db533828c853b402c7eec6e9465d80",
                "sha256:173308efba2270dcd61cd45a30dfded6ec0085b4b6eb33b5eb11ab443005e088",
                "sha256:21b66200cf44b1c3e86495e3a436fc7a26608f92b8d43d344457c54f1c024cbc",
                "sha256:2c56b820d304dffcadbbb6cbfbc2e2c79ee46ea291db17e288e73cd3c64fefa9",
                "sha256:304dfaa7146cffdb75fbf6bb7c190fd7688795389ad060b970269c8576d038e9",
                "sha256:3f78181a153fa21c018d346f595edd648344751d7f03ab94b398be2ad083ed3e",
                "sha256:4d242d13206ca4302d83d8a6388c9dfce49fc48fdd3c20efad89ba12f785bf9e",
                "sha256:5d1cc2c19afe3b5a546ede7e6a44ce1ff52e443d12b231823268019f608b9b12",
                "sha256:5f2cfc359379c56b3a41b17ebd024109b2049f878badc1e454f31418c3a18436",
                "sha256:65bd52bf55f9a1071398557394203d881384d27b9c2cad7df9a027170aeaef93",
                "sha256:7edd9a311299a61e9919ea4192dd477395b50c014cdc1a1ac572d7c27e2207fa",
                "sha256:8499d9dd1459dc0d0fe68db0832c3d5fc1361ae8e13d05e6849b358dc3f2c279",
                "sha256:866ada14a95b083dd727a845a764cf95dd13ba3dc69a16b99038001b05439709",
                "sha256:87069cf875f0262a6e3187ab0f419f5b4280d3dcf4811ef9613c605f6e4dca95",
                "sha256:93378f3d14fff07572392ce6a6a2ceb3a1f237733bd6dcb9eb6a2b29b0d19085",
                "sha256:95c2d250074cfa76715d58830579c64dff7354484b284c2b8b87e5a38321672c",
                "sha256:ab5875facfdef77e0a47d5fd39ea178b58e60e454a4c85aa1e52fcb80db7babf",
                "sha256:b0e0aeb061a1d7dcd2ed59ea57ee56c9b23dd60100825f98238c06ee5cc4467e",
                "sha256:b78a35c5c74d336f42f44106174b9851c783184a85a3fe3e68857259b37b9ffb",
                "sha256:c9e04d7e9b03a8a6ac2045f7c5ef741be86727d8f49c45db45f244bdd2bcff17",
                "sha256:ca36e7d9430f7481fc7d11e015ae16fbd5575615a8e9060538104778be84addf",
                "sha256:ceebc3c4f6a109777c0053dfa0282fddb8893eddfb0d598574acfb734a926168",
                "sha256:e2c036492e673aad1b7b0d0ccdc0cb30a968353d2c4bf92ac8e73509e1bf212c",
                "sha256:eb326658f9b73c07081300daba90a8746543b5ea177184daed26528273157294",
                "sha256:eb7ae2c4dbdb3c9247e07acc532f91077ae6dbc40ad5bd5dca0bb5a176ee9bda",
                "sha256:edad1cf5b2ce1912c4d8ddad20e11d333165552aba262c882e28c78bbc09dbf6",
                "sha256:eef93a446114ac0193a7b714ce67659db80caf940f3232bad63f4c7a81bc18df",
                "sha256:f7eaea089345a35130bc9a39b89ec1ff69c208efa97b3f8b25ea5d4c41d88094",
                "sha256:f99d206db1f1ae735a8192ab93bd6028f3a42f6fa08467d37a14eb96c9dd34a3"
            ],
            "markers": "python_version < '3.11' and python_version >= '3.7'",
            "version": "==1.7.3"
        },
        "setuptools": {
            "hashes": [
                "sha256:2404879cda71495fc4d5cbc445ed52fdaddf352b36e40be8dcc63147cb4edabe",
                "sha256:68eb94073fc486091447fcb0501efd6560a0e5a1839ba249e5ff3c4c93f05f90"
            ],
            "markers": "python_version >= '3.7'",
            "version": "==60.5.0"
        },
        "six": {
            "hashes": [
                "sha256:1e61c37477a1626458e36f7b1d82aa5c9b094fa4802892072e49de9c60c4c926",
                "sha256:8abb2f1d86890a2dfb989f9a77cfcfd3e47c2a354b01111771326f8aa26e0254"
            ],
            "markers": "python_version >= '2.7' and python_version not in '3.0, 3.1, 3.2'",
            "version": "==1.16.0"
        },
        "soupsieve": {
            "hashes": [
                "sha256:1a3cca2617c6b38c0343ed661b1fa5de5637f257d4fe22bd9f1338010a1efefb",
                "sha256:b8d49b1cd4f037c7082a9683dfa1801aa2597fb11c3a1155b7a5b94829b4f1f9"
            ],
            "markers": "python_version >= '3.6'",
            "version": "==2.3.1"
        },
        "tifffile": {
            "hashes": [
                "sha256:153e31fa1d892f482fabb2ae9f2561fa429ee42d01a6f67e58cee13637d9285b",
                "sha256:2e0066f90e2dbeb3e6a287cfd78bafbd2f142fabbca4a76a8ff809573baf5ad5"
            ],
            "markers": "python_version >= '3.7'",
            "version": "==2021.11.2"
        },
        "torch": {
            "hashes": [
                "sha256:01f4ffdafbfbd7d106fb4e487feee2cf29cced9903df8cb0444b0e308f9c5e92",
                "sha256:1c6c56178e5dacf7602ad00dc79c263d6c41c0f76261e9641e6bd2679678ceb3",
                "sha256:26b6dfbe21e247e67c615bfab0017ec391ed1517f88bbeea6228a49edd24cd88",
                "sha256:2ffa2db4ccb6466c59e3f95b7a582d47ae721e476468f4ffbcaa2832e0b92b9b",
                "sha256:40508d67288c46ff1fad301fa6e996e0e936a733f2401475fc92c21dc3ef702d",
                "sha256:50360868ad3f039cf99f0250300dbec51bf686a7b84dc6bbdb8dff4b1171c0f0",
                "sha256:5644280d88c5b6de27eacc0d911f968aad41a4bab297af4df5e571bc0927d3e4",
                "sha256:607eccb7d539a11877cd02d95f4b164b7941fcf538ac7ff087bfed19e3644283",
                "sha256:6b327d7b4eb2461b16d46763d46df71e597235ccc428650538a2735a0898270d",
                "sha256:725d86e9809073eef868a3ddf4189878ee7af46fac71403834dd0925b3db9b82",
                "sha256:8b47bd113c6cbd9a49669aaaa233ad5f25852d6ca3e640f9c71c808e65a1fdf4",
                "sha256:ac8cae04458cc47555fa07a760496c2fdf687223bcc13df5fed56ea3aead37f5",
                "sha256:adbb5f292e260e39715d67478823e03e3001db1af5b02c18caa34549dccb421e",
                "sha256:af577602e884c5e40fbd29ec978f052202355da93cd31e0a23251bd7aaff5a99",
                "sha256:cca660b27a90dbbc0af06c859260f6b875aef37c0897bd353e5deed085d2c877",
                "sha256:d9c495bcd5f00becff5b051b5e4be86b7eaa0433cd0fe57f77c02bc1b93ab5b1",
                "sha256:e3d2154722189ed74747a494dce9588978dd55e43ca24c5bd307fb52620b232b",
                "sha256:fa197cfe047d0515bef238f42472721406609ebaceff2fd4e17f2ad4692ee51c"
            ],
            "markers": "python_full_version >= '3.6.2'",
            "version": "==1.10.1"
        },
        "torchvision": {
            "hashes": [
                "sha256:0f52745f652fe82e962e3399ac19f5ce7fe42e2b6bf73ef24f4aa1f222bbbfca",
                "sha256:12eb97a2b87661914c2a6743ec535b432194b3a17620217cab201733e63d0a8f",
                "sha256:27f0d9088c76edfa3c1f1dcaf965f102437c049f13b599ef02abe99f4d346cb6",
                "sha256:3091e5d3131e0664ca817ef32eff0ec5f79e2f0d61b447ae63bdd2429aff179c",
                "sha256:32cca2b5e0696f59e03c1261444deb81c87c6967d444aaf2d156f3023e741ffe",
                "sha256:3315176f2ee887dcb9d4ada02d103bad837ba065c84d992dce0dbf9dae9ad43c",
                "sha256:3abcfab98dea4bc1e512e99c5b56e66e237bd65569e1c9b1c3c2d459ef50795c",
                "sha256:52b14ce23a6e0a5a1309970888a1febb12e93fe6aed78df8aa115f1cf2019cc6",
                "sha256:63d6f46e083f00ad7ce09d355eb94f512bf41899630240c6c865ca0d9d00718c",
                "sha256:6d84490010761a34d6238987f88f8bccec06914431fc13c221902ea4f54ecb43",
                "sha256:82431c4cf9cce36d6ec5f338b4cc5b96732a4becb359588bbc72fba282d3cfff",
                "sha256:a33c4e5c8456d3cdbb706636f209f318c8544be0f08179056296765db95b981b",
                "sha256:b78b753b01c19f60bf4df078d245609ed6df9265a127d9fbc2ca202409779cda",
                "sha256:bc6b125134278d8b59682a3693bbf99a1eac6306f0eb71314333010d28392a83",
                "sha256:d2aa1e253c9ddcf728a2dc6e771ebaf3201798cf91304cd352795a34daefce51",
                "sha256:eb479be61a28fcff71b1e3ec823641cd75d61229bedab1e83659e3df53ca0159",
                "sha256:ecf3f8f8e548dd7b36c5abca03563a32a6d5cb7e97ceec012df1b6380ed5d4c3",
                "sha256:fe1395b5fe3b5f2111312a8c75dd48176db7b9f129e1f4159bf1fb2aeec54778"
            ],
            "version": "==0.11.2"
        },
        "tqdm": {
            "hashes": [
                "sha256:8dd278a422499cd6b727e6ae4061c40b48fce8b76d1ccbf5d34fca9b7f925b0c",
                "sha256:d359de7217506c9851b7869f3708d8ee53ed70a1b8edbba4dbcb47442592920d"
            ],
            "markers": "python_version >= '2.7' and python_version not in '3.0, 3.1, 3.2, 3.3'",
            "version": "==4.62.3"
        },
        "typing-extensions": {
            "hashes": [
                "sha256:4ca091dea149f945ec56afb48dae714f21e8692ef22a395223bcd328961b6a0e",
                "sha256:7f001e5ac290a0c0401508864c7ec868be4e701886d5b573a9528ed3973d9d3b"
            ],
            "markers": "python_version >= '3.6'",
            "version": "==4.0.1"
        },
        "urllib3": {
            "hashes": [
                "sha256:39fb8672126159acb139a7718dd10806104dec1e2f0f6c88aab05d17df10c8d4",
                "sha256:f57b4c16c62fa2760b7e3d97c35b255512fb6b59a259730f36ba32ce9f8e342f"
            ],
            "markers": "python_version >= '2.7' and python_version not in '3.0, 3.1, 3.2, 3.3, 3.4' and python_version < '4'",
            "version": "==1.26.6"
        },
        "waitress": {
            "hashes": [
                "sha256:29af5a53e9fb4e158f525367678b50053808ca6c21ba585754c77d790008c746",
                "sha256:69e1f242c7f80273490d3403c3976f3ac3b26e289856936d1f620ed48f321897"
            ],
            "markers": "python_version >= '3.6'",
            "version": "==2.0.0"
        },
        "werkzeug": {
            "hashes": [
                "sha256:63d3dc1cf60e7b7e35e97fa9861f7397283b75d765afcaefd993d6046899de8f",
                "sha256:aa2bb6fc8dee8d6c504c0ac1e7f5f7dc5810a9903e793b6f715a9f015bdadb9a"
            ],
            "markers": "python_version >= '3.6'",
            "version": "==2.0.2"
        }
    },
    "develop": {}
}
